{
  "name": "survey-component",
  "version": "0.0.1",
  "lockfileVersion": 2,
  "requires": true,
  "packages": {
    "": {
      "name": "survey-component",
      "version": "0.0.1",
      "dependencies": {
        "tslib": "^2.3.0"
      },
      "peerDependencies": {
        "@angular/common": "^14.2.0",
        "@angular/compiler": "^14.2.0",
        "@angular/core": "^14.2.0",
        "@angular/forms": "^14.2.0",
        "@angular/platform-browser": "^14.2.0",
        "@angular/platform-browser-dynamic": "^14.2.0",
        "@ionic/angular": "^6.4.0"
      }
    },
    "node_modules/@angular/common": {
      "version": "14.2.12",
      "resolved": "https://registry.npmjs.org/@angular/common/-/common-14.2.12.tgz",
      "integrity": "sha512-oZunh9wfInFWhNO1P8uoEs/o4u8kerKMhw8GruywKm1TV7gHDP2Fi5WHGjFqq3XYptgBTPCTSEfyLX6Cwq1PUw==",
      "peer": true,
      "dependencies": {
        "tslib": "^2.3.0"
      },
      "engines": {
        "node": "^14.15.0 || >=16.10.0"
      },
      "peerDependencies": {
        "@angular/core": "14.2.12",
        "rxjs": "^6.5.3 || ^7.4.0"
      }
    },
    "node_modules/@angular/compiler": {
      "version": "14.2.12",
      "resolved": "https://registry.npmjs.org/@angular/compiler/-/compiler-14.2.12.tgz",
      "integrity": "sha512-u2MH9+NRwbbFDRNiPWPexed9CnCq9+pGHLuyACSP2uR6Ik68cE6cayeZbIeoEV5vWpda/XsLmJgPJysw7dAZLQ==",
      "peer": true,
      "dependencies": {
        "tslib": "^2.3.0"
      },
      "engines": {
        "node": "^14.15.0 || >=16.10.0"
      },
      "peerDependencies": {
        "@angular/core": "14.2.12"
      },
      "peerDependenciesMeta": {
        "@angular/core": {
          "optional": true
        }
      }
    },
    "node_modules/@angular/core": {
      "version": "14.2.12",
      "resolved": "https://registry.npmjs.org/@angular/core/-/core-14.2.12.tgz",
      "integrity": "sha512-sGQxU5u4uawwvJa6jOTmGoisJiQ5HIN/RoBw99CmoqZIVyUSg9IRJJC1KVdH8gbpWBNLkElZv21lwJTL/msWyg==",
      "peer": true,
      "dependencies": {
        "tslib": "^2.3.0"
      },
      "engines": {
        "node": "^14.15.0 || >=16.10.0"
      },
      "peerDependencies": {
        "rxjs": "^6.5.3 || ^7.4.0",
        "zone.js": "~0.11.4 || ~0.12.0"
      }
    },
    "node_modules/@angular/forms": {
      "version": "14.2.12",
      "resolved": "https://registry.npmjs.org/@angular/forms/-/forms-14.2.12.tgz",
      "integrity": "sha512-7abYlGIT2JnAtutQUlH3fQS6QEpbfftgvsVcZJCyvX0rXL3u2w2vUQkDHJH4YJJp3AHFVCH4/l7R4VcaPnrwvA==",
      "peer": true,
      "dependencies": {
        "tslib": "^2.3.0"
      },
      "engines": {
        "node": "^14.15.0 || >=16.10.0"
      },
      "peerDependencies": {
        "@angular/common": "14.2.12",
        "@angular/core": "14.2.12",
        "@angular/platform-browser": "14.2.12",
        "rxjs": "^6.5.3 || ^7.4.0"
      }
    },
    "node_modules/@angular/platform-browser": {
      "version": "14.2.12",
      "resolved": "https://registry.npmjs.org/@angular/platform-browser/-/platform-browser-14.2.12.tgz",
      "integrity": "sha512-vOarWym8ucl1gjYWCzdwyBha+MTvL381mvTTUu8aUx6nVhHFjv4bvpjlZnZgojecqUPyxOwmPLLHvCZPJVHZYg==",
      "peer": true,
      "dependencies": {
        "tslib": "^2.3.0"
      },
      "engines": {
        "node": "^14.15.0 || >=16.10.0"
      },
      "peerDependencies": {
        "@angular/animations": "14.2.12",
        "@angular/common": "14.2.12",
        "@angular/core": "14.2.12"
      },
      "peerDependenciesMeta": {
        "@angular/animations": {
          "optional": true
        }
      }
    },
    "node_modules/@angular/platform-browser-dynamic": {
      "version": "14.2.12",
      "resolved": "https://registry.npmjs.org/@angular/platform-browser-dynamic/-/platform-browser-dynamic-14.2.12.tgz",
      "integrity": "sha512-oZhNJeaBmgw8+KBSYpKz2RYqEDyETC+HJXH8dwIFcP6BqqwL2NE70FdSR7EnOa5c41MEtTmMCGhrJSFR60x5/w==",
      "peer": true,
      "dependencies": {
        "tslib": "^2.3.0"
      },
      "engines": {
        "node": "^14.15.0 || >=16.10.0"
      },
      "peerDependencies": {
        "@angular/common": "14.2.12",
        "@angular/compiler": "14.2.12",
        "@angular/core": "14.2.12",
        "@angular/platform-browser": "14.2.12"
      }
    },
    "node_modules/@angular/router": {
      "version": "15.0.3",
      "resolved": "https://registry.npmjs.org/@angular/router/-/router-15.0.3.tgz",
      "integrity": "sha512-Mym1qasRBLTwlwFHlWamrgvTXl09Uej2LTgqCD6Jg9uFQ/F+16qsSqTy107WkeJbsBzL95+rx66VtvwB//M45w==",
      "peer": true,
      "dependencies": {
        "tslib": "^2.3.0"
      },
      "engines": {
        "node": "^14.20.0 || ^16.13.0 || >=18.10.0"
      },
      "peerDependencies": {
        "@angular/common": "15.0.3",
        "@angular/core": "15.0.3",
        "@angular/platform-browser": "15.0.3",
        "rxjs": "^6.5.3 || ^7.4.0"
      }
    },
    "node_modules/@ionic/angular": {
      "version": "6.4.0",
      "resolved": "https://registry.npmjs.org/@ionic/angular/-/angular-6.4.0.tgz",
      "integrity": "sha512-ZcMtcSk0WQzw8vxfBpBSMD8g96EqdhGVoCKmBTQsMqYhnRMGCa5518p3vLSe7KiK64G+zSzXpAuuCkz6u12UgA==",
      "peer": true,
      "dependencies": {
        "@ionic/core": "6.4.0",
        "ionicons": "^6.0.4",
        "jsonc-parser": "^3.0.0",
        "tslib": "^2.0.0"
      },
      "peerDependencies": {
        "@angular/core": ">=12.0.0",
        "@angular/forms": ">=12.0.0",
        "@angular/router": ">=12.0.0",
        "rxjs": ">=6.6.0",
        "zone.js": ">=0.11.0"
      }
    },
    "node_modules/@ionic/core": {
      "version": "6.4.0",
      "resolved": "https://registry.npmjs.org/@ionic/core/-/core-6.4.0.tgz",
      "integrity": "sha512-rWqXX67bWDD5r5Kleacy4dTBIXcB1gX+2Q5AK7LAtmtHUUuJPqGw/bAWE8hGKlF7ehJTyzb5CYV9XDzb8/00Zw==",
      "peer": true,
      "dependencies": {
        "@stencil/core": "^2.18.0",
        "ionicons": "^6.0.4",
        "tslib": "^2.1.0"
      }
    },
    "node_modules/@stencil/core": {
      "version": "2.20.0",
      "resolved": "https://registry.npmjs.org/@stencil/core/-/core-2.20.0.tgz",
      "integrity": "sha512-ka+eOW+dNteXIfLCRipNbbAlBEQjqJ2fkx3fxzlKgnNHEQMdZiuIjlWt63KzvOJStNeuADdQXo89BB1dC2VRUw==",
      "peer": true,
      "bin": {
        "stencil": "bin/stencil"
      },
      "engines": {
        "node": ">=12.10.0",
        "npm": ">=6.0.0"
      }
    },
    "node_modules/ionicons": {
      "version": "6.0.4",
      "resolved": "https://registry.npmjs.org/ionicons/-/ionicons-6.0.4.tgz",
      "integrity": "sha512-uDNOkBo0OVYV+kIhb51g9mb7r3Z0b+78GPZQBsjXuaetNmrB/mNTqN/uFtO+vxL/rQySKjzk8qeKJI5NWL9Ueg==",
      "peer": true,
      "dependencies": {
        "@stencil/core": "^2.18.0"
      }
    },
    "node_modules/jsonc-parser": {
      "version": "3.2.0",
      "resolved": "https://registry.npmjs.org/jsonc-parser/-/jsonc-parser-3.2.0.tgz",
      "integrity": "sha512-gfFQZrcTc8CnKXp6Y4/CBT3fTc0OVuDofpre4aEeEpSBPV5X5v4+Vmx+8snU7RLPrNHPKSgLxGo9YuQzz20o+w==",
      "peer": true
    },
    "node_modules/rxjs": {
      "version": "7.6.0",
      "resolved": "https://registry.npmjs.org/rxjs/-/rxjs-7.6.0.tgz",
      "integrity": "sha512-DDa7d8TFNUalGC9VqXvQ1euWNN7sc63TrUCuM9J998+ViviahMIjKSOU7rfcgFOF+FCD71BhDRv4hrFz+ImDLQ==",
      "peer": true,
      "dependencies": {
        "tslib": "^2.1.0"
      }
    },
    "node_modules/tslib": {
      "version": "2.4.1",
      "resolved": "https://registry.npmjs.org/tslib/-/tslib-2.4.1.tgz",
      "integrity": "sha512-tGyy4dAjRIEwI7BzsB0lynWgOpfqjUdq91XXAlIWD2OwKBH7oCl/GZG/HT4BOHrTlPMOASlMQ7veyTqpmRcrNA=="
    },
    "node_modules/zone.js": {
      "version": "0.12.0",
      "resolved": "https://registry.npmjs.org/zone.js/-/zone.js-0.12.0.tgz",
      "integrity": "sha512-XtC+I5dXU14HrzidAKBNMqneIVUykLEAA1x+v4KVrd6AUPWlwYORF8KgsVqvgdHiKZ4BkxxjvYi/ksEixTPR0Q==",
      "peer": true,
      "dependencies": {
        "tslib": "^2.3.0"
      }
    }
  },
  "dependencies": {
    "@angular/common": {
      "version": "14.2.12",
      "resolved": "https://registry.npmjs.org/@angular/common/-/common-14.2.12.tgz",
      "integrity": "sha512-oZunh9wfInFWhNO1P8uoEs/o4u8kerKMhw8GruywKm1TV7gHDP2Fi5WHGjFqq3XYptgBTPCTSEfyLX6Cwq1PUw==",
      "peer": true,
      "requires": {
        "tslib": "^2.3.0"
      }
    },
    "@angular/compiler": {
      "version": "14.2.12",
      "resolved": "https://registry.npmjs.org/@angular/compiler/-/compiler-14.2.12.tgz",
      "integrity": "sha512-u2MH9+NRwbbFDRNiPWPexed9CnCq9+pGHLuyACSP2uR6Ik68cE6cayeZbIeoEV5vWpda/XsLmJgPJysw7dAZLQ==",
      "peer": true,
      "requires": {
        "tslib": "^2.3.0"
      }
    },
    "@angular/core": {
      "version": "14.2.12",
      "resolved": "https://registry.npmjs.org/@angular/core/-/core-14.2.12.tgz",
      "integrity": "sha512-sGQxU5u4uawwvJa6jOTmGoisJiQ5HIN/RoBw99CmoqZIVyUSg9IRJJC1KVdH8gbpWBNLkElZv21lwJTL/msWyg==",
      "peer": true,
      "requires": {
        "tslib": "^2.3.0"
      }
    },
    "@angular/forms": {
      "version": "14.2.12",
      "resolved": "https://registry.npmjs.org/@angular/forms/-/forms-14.2.12.tgz",
      "integrity": "sha512-7abYlGIT2JnAtutQUlH3fQS6QEpbfftgvsVcZJCyvX0rXL3u2w2vUQkDHJH4YJJp3AHFVCH4/l7R4VcaPnrwvA==",
      "peer": true,
      "requires": {
        "tslib": "^2.3.0"
      }
    },
    "@angular/platform-browser": {
      "version": "14.2.12",
      "resolved": "https://registry.npmjs.org/@angular/platform-browser/-/platform-browser-14.2.12.tgz",
      "integrity": "sha512-vOarWym8ucl1gjYWCzdwyBha+MTvL381mvTTUu8aUx6nVhHFjv4bvpjlZnZgojecqUPyxOwmPLLHvCZPJVHZYg==",
      "peer": true,
      "requires": {
        "tslib": "^2.3.0"
      }
    },
    "@angular/platform-browser-dynamic": {
      "version": "14.2.12",
      "resolved": "https://registry.npmjs.org/@angular/platform-browser-dynamic/-/platform-browser-dynamic-14.2.12.tgz",
      "integrity": "sha512-oZhNJeaBmgw8+KBSYpKz2RYqEDyETC+HJXH8dwIFcP6BqqwL2NE70FdSR7EnOa5c41MEtTmMCGhrJSFR60x5/w==",
      "peer": true,
      "requires": {
        "tslib": "^2.3.0"
      }
    },
    "@angular/router": {
      "version": "15.0.3",
      "resolved": "https://registry.npmjs.org/@angular/router/-/router-15.0.3.tgz",
      "integrity": "sha512-Mym1qasRBLTwlwFHlWamrgvTXl09Uej2LTgqCD6Jg9uFQ/F+16qsSqTy107WkeJbsBzL95+rx66VtvwB//M45w==",
      "peer": true,
      "requires": {
        "tslib": "^2.3.0"
      }
    },
    "@ionic/angular": {
      "version": "6.4.0",
      "resolved": "https://registry.npmjs.org/@ionic/angular/-/angular-6.4.0.tgz",
      "integrity": "sha512-ZcMtcSk0WQzw8vxfBpBSMD8g96EqdhGVoCKmBTQsMqYhnRMGCa5518p3vLSe7KiK64G+zSzXpAuuCkz6u12UgA==",
      "peer": true,
      "requires": {
        "@ionic/core": "6.4.0",
        "ionicons": "^6.0.4",
        "jsonc-parser": "^3.0.0",
        "tslib": "^2.0.0"
      }
    },
    "@ionic/core": {
      "version": "6.4.0",
      "resolved": "https://registry.npmjs.org/@ionic/core/-/core-6.4.0.tgz",
      "integrity": "sha512-rWqXX67bWDD5r5Kleacy4dTBIXcB1gX+2Q5AK7LAtmtHUUuJPqGw/bAWE8hGKlF7ehJTyzb5CYV9XDzb8/00Zw==",
      "peer": true,
      "requires": {
        "@stencil/core": "^2.18.0",
        "ionicons": "^6.0.4",
        "tslib": "^2.1.0"
      }
    },
    "@stencil/core": {
      "version": "2.20.0",
      "resolved": "https://registry.npmjs.org/@stencil/core/-/core-2.20.0.tgz",
      "integrity": "sha512-ka+eOW+dNteXIfLCRipNbbAlBEQjqJ2fkx3fxzlKgnNHEQMdZiuIjlWt63KzvOJStNeuADdQXo89BB1dC2VRUw==",
      "peer": true
    },
    "ionicons": {
      "version": "6.0.4",
      "resolved": "https://registry.npmjs.org/ionicons/-/ionicons-6.0.4.tgz",
      "integrity": "sha512-uDNOkBo0OVYV+kIhb51g9mb7r3Z0b+78GPZQBsjXuaetNmrB/mNTqN/uFtO+vxL/rQySKjzk8qeKJI5NWL9Ueg==",
      "peer": true,
      "requires": {
        "@stencil/core": "^2.18.0"
      }
    },
    "jsonc-parser": {
      "version": "3.2.0",
      "resolved": "https://registry.npmjs.org/jsonc-parser/-/jsonc-parser-3.2.0.tgz",
      "integrity": "sha512-gfFQZrcTc8CnKXp6Y4/CBT3fTc0OVuDofpre4aEeEpSBPV5X5v4+Vmx+8snU7RLPrNHPKSgLxGo9YuQzz20o+w==",
      "peer": true
    },
    "rxjs": {
      "version": "7.6.0",
      "resolved": "https://registry.npmjs.org/rxjs/-/rxjs-7.6.0.tgz",
      "integrity": "sha512-DDa7d8TFNUalGC9VqXvQ1euWNN7sc63TrUCuM9J998+ViviahMIjKSOU7rfcgFOF+FCD71BhDRv4hrFz+ImDLQ==",
      "peer": true,
      "requires": {
        "tslib": "^2.1.0"
      }
    },
    "tslib": {
      "version": "2.4.1",
      "resolved": "https://registry.npmjs.org/tslib/-/tslib-2.4.1.tgz",
      "integrity": "sha512-tGyy4dAjRIEwI7BzsB0lynWgOpfqjUdq91XXAlIWD2OwKBH7oCl/GZG/HT4BOHrTlPMOASlMQ7veyTqpmRcrNA=="
    },
    "zone.js": {
      "version": "0.12.0",
      "resolved": "https://registry.npmjs.org/zone.js/-/zone.js-0.12.0.tgz",
      "integrity": "sha512-XtC+I5dXU14HrzidAKBNMqneIVUykLEAA1x+v4KVrd6AUPWlwYORF8KgsVqvgdHiKZ4BkxxjvYi/ksEixTPR0Q==",
      "peer": true,
      "requires": {
        "tslib": "^2.3.0"
      }
    }
  }
}
